{
  "name": "@yoooloo42/beat",
  "version": "1.0.4",
  "lockfileVersion": 3,
  "requires": true,
  "packages": {
    "": {
      "name": "@yoooloo42/beat",
      "version": "1.0.4",
      "license": "ISC",
      "dependencies": {
        "@yoooloo42/bean": "^1.0.9",
        "nodemailer": "^7.0.10"
      }
    },
    "node_modules/@yoooloo42/bean": {
      "version": "1.0.9",
      "resolved": "https://registry.npmjs.org/@yoooloo42/bean/-/bean-1.0.9.tgz",
      "integrity": "sha512-ftJ/9fQzvfI0mf3QGxZIGighAWFS7kecvHxvKLUnJP5BXDBYlTlXo1ELSZ+8hkEo28DMaobW8kP8cpwLzhlK+g==",
      "license": "ISC"
    },
    "node_modules/nodemailer": {
      "version": "7.0.10",
      "resolved": "https://registry.npmjs.org/nodemailer/-/nodemailer-7.0.10.tgz",
      "integrity": "sha512-Us/Se1WtT0ylXgNFfyFSx4LElllVLJXQjWi2Xz17xWw7amDKO2MLtFnVp1WACy7GkVGs+oBlRopVNUzlrGSw1w==",
      "license": "MIT-0",
      "engines": {
        "node": ">=6.0.0"
      }
    }
  }
}
